
Microsoft Visual Studio Solution File, Format Version 12.00
# Visual Studio Version 16
VisualStudioVersion = 16.0.34407.143
MinimumVisualStudioVersion = 10.0.40219.1
Project("{8BC9CEB8-8B4A-11D0-8D11-00A0C91BC942}") = "UniversityOOPExampleProject", "UniversityOOPExampleProject\UniversityOOPExampleProject.vcxproj", "{9656FAC5-E30F-45E8-B8E6-C7CE12ED1D26}"
EndProject
Project("{8BC9CEB8-8B4A-11D0-8D11-00A0C91BC942}") = "ProjectADS", "ProjectADS\ProjectADS.vcxproj", "{93666EEA-E8AB-416A-A0C8-252F52787599}"
EndProject
Project("{8BC9CEB8-8B4A-11D0-8D11-00A0C91BC942}") = "IntegerProject", "IntegerProject\IntegerProject.vcxproj", "{306426B4-9759-49A8-8C8A-C489E4E3AD58}"
EndProject
Global
	GlobalSection(SolutionConfigurationPlatforms) = preSolution
		Debug|x64 = Debug|x64
		Debug|x86 = Debug|x86
		Release|x64 = Release|x64
		Release|x86 = Release|x86
	EndGlobalSection
	GlobalSection(ProjectConfigurationPlatforms) = postSolution
		{9656FAC5-E30F-45E8-B8E6-C7CE12ED1D26}.Debug|x64.ActiveCfg = Debug|x64
		{9656FAC5-E30F-45E8-B8E6-C7CE12ED1D26}.Debug|x64.Build.0 = Debug|x64
		{9656FAC5-E30F-45E8-B8E6-C7CE12ED1D26}.Debug|x86.ActiveCfg = Debug|Win32
		{9656FAC5-E30F-45E8-B8E6-C7CE12ED1D26}.Debug|x86.Build.0 = Debug|Win32
		{9656FAC5-E30F-45E8-B8E6-C7CE12ED1D26}.Release|x64.ActiveCfg = Release|x64
		{9656FAC5-E30F-45E8-B8E6-C7CE12ED1D26}.Release|x64.Build.0 = Release|x64
		{9656FAC5-E30F-45E8-B8E6-C7CE12ED1D26}.Release|x86.ActiveCfg = Release|Win32
		{9656FAC5-E30F-45E8-B8E6-C7CE12ED1D26}.Release|x86.Build.0 = Release|Win32
		{93666EEA-E8AB-416A-A0C8-252F52787599}.Debug|x64.ActiveCfg = Debug|x64
		{93666EEA-E8AB-416A-A0C8-252F52787599}.Debug|x64.Build.0 = Debug|x64
		{93666EEA-E8AB-416A-A0C8-252F52787599}.Debug|x86.ActiveCfg = Debug|Win32
		{93666EEA-E8AB-416A-A0C8-252F52787599}.Debug|x86.Build.0 = Debug|Win32
		{93666EEA-E8AB-416A-A0C8-252F52787599}.Release|x64.ActiveCfg = Release|x64
		{93666EEA-E8AB-416A-A0C8-252F52787599}.Release|x64.Build.0 = Release|x64
		{93666EEA-E8AB-416A-A0C8-252F52787599}.Release|x86.ActiveCfg = Release|Win32
		{93666EEA-E8AB-416A-A0C8-252F52787599}.Release|x86.Build.0 = Release|Win32
		{306426B4-9759-49A8-8C8A-C489E4E3AD58}.Debug|x64.ActiveCfg = Debug|x64
		{306426B4-9759-49A8-8C8A-C489E4E3AD58}.Debug|x64.Build.0 = Debug|x64
		{306426B4-9759-49A8-8C8A-C489E4E3AD58}.Debug|x86.ActiveCfg = Debug|Win32
		{306426B4-9759-49A8-8C8A-C489E4E3AD58}.Debug|x86.Build.0 = Debug|Win32
		{306426B4-9759-49A8-8C8A-C489E4E3AD58}.Release|x64.ActiveCfg = Release|x64
		{306426B4-9759-49A8-8C8A-C489E4E3AD58}.Release|x64.Build.0 = Release|x64
		{306426B4-9759-49A8-8C8A-C489E4E3AD58}.Release|x86.ActiveCfg = Release|Win32
		{306426B4-9759-49A8-8C8A-C489E4E3AD58}.Release|x86.Build.0 = Release|Win32
	EndGlobalSection
	GlobalSection(SolutionProperties) = preSolution
		HideSolutionNode = FALSE
	EndGlobalSection
	GlobalSection(ExtensibilityGlobals) = postSolution
		SolutionGuid = {3174124A-C22A-4BBE-9437-14C2C34784F4}
	EndGlobalSection
EndGlobal
